
Microsoft Visual Studio Solution File, Format Version 12.00
# Visual Studio Version 16
VisualStudioVersion = 16.0.31911.196
MinimumVisualStudioVersion = 10.0.40219.1
Project("{FAE04EC0-301F-11D3-BF4B-00C04F79EFBC}") = "lab_2_zadanie", "lab_2_zadanie\lab_2_zadanie.csproj", "{0FD74583-503B-4E5E-AA60-58075ECBD211}"
EndProject
Project("{FAE04EC0-301F-11D3-BF4B-00C04F79EFBC}") = "ClassLibrary", "ClassLibrary\ClassLibrary.csproj", "{2961AFC9-E6F6-4A67-BF86-7F8618CDBF49}"
EndProject
Global
	GlobalSection(SolutionConfigurationPlatforms) = preSolution
		Debug|Any CPU = Debug|Any CPU
		Release|Any CPU = Release|Any CPU
	EndGlobalSection
	GlobalSection(ProjectConfigurationPlatforms) = postSolution
		{0FD74583-503B-4E5E-AA60-58075ECBD211}.Debug|Any CPU.ActiveCfg = Debug|Any CPU
		{0FD74583-503B-4E5E-AA60-58075ECBD211}.Debug|Any CPU.Build.0 = Debug|Any CPU
		{0FD74583-503B-4E5E-AA60-58075ECBD211}.Release|Any CPU.ActiveCfg = Release|Any CPU
		{0FD74583-503B-4E5E-AA60-58075ECBD211}.Release|Any CPU.Build.0 = Release|Any CPU
		{2961AFC9-E6F6-4A67-BF86-7F8618CDBF49}.Debug|Any CPU.ActiveCfg = Debug|Any CPU
		{2961AFC9-E6F6-4A67-BF86-7F8618CDBF49}.Debug|Any CPU.Build.0 = Debug|Any CPU
		{2961AFC9-E6F6-4A67-BF86-7F8618CDBF49}.Release|Any CPU.ActiveCfg = Release|Any CPU
		{2961AFC9-E6F6-4A67-BF86-7F8618CDBF49}.Release|Any CPU.Build.0 = Release|Any CPU
	EndGlobalSection
	GlobalSection(SolutionProperties) = preSolution
		HideSolutionNode = FALSE
	EndGlobalSection
	GlobalSection(ExtensibilityGlobals) = postSolution
		SolutionGuid = {17448CC2-02B8-4D2C-A0A4-60A4E2B6B398}
	EndGlobalSection
EndGlobal
