
Microsoft Visual Studio Solution File, Format Version 12.00
# Visual Studio Version 16
VisualStudioVersion = 16.0.31911.196
MinimumVisualStudioVersion = 10.0.40219.1
Project("{FAE04EC0-301F-11D3-BF4B-00C04F79EFBC}") = "lab_2", "lab_2\lab_2.csproj", "{ECC46751-EB3F-401F-B2E8-E6825783406E}"
EndProject
Project("{FAE04EC0-301F-11D3-BF4B-00C04F79EFBC}") = "ClassLibrary", "ClassLibrary\ClassLibrary.csproj", "{31ABD4B4-59CE-4923-9236-F24966D8AED0}"
EndProject
Global
	GlobalSection(SolutionConfigurationPlatforms) = preSolution
		Debug|Any CPU = Debug|Any CPU
		Release|Any CPU = Release|Any CPU
	EndGlobalSection
	GlobalSection(ProjectConfigurationPlatforms) = postSolution
		{ECC46751-EB3F-401F-B2E8-E6825783406E}.Debug|Any CPU.ActiveCfg = Debug|Any CPU
		{ECC46751-EB3F-401F-B2E8-E6825783406E}.Debug|Any CPU.Build.0 = Debug|Any CPU
		{ECC46751-EB3F-401F-B2E8-E6825783406E}.Release|Any CPU.ActiveCfg = Release|Any CPU
		{ECC46751-EB3F-401F-B2E8-E6825783406E}.Release|Any CPU.Build.0 = Release|Any CPU
		{31ABD4B4-59CE-4923-9236-F24966D8AED0}.Debug|Any CPU.ActiveCfg = Debug|Any CPU
		{31ABD4B4-59CE-4923-9236-F24966D8AED0}.Debug|Any CPU.Build.0 = Debug|Any CPU
		{31ABD4B4-59CE-4923-9236-F24966D8AED0}.Release|Any CPU.ActiveCfg = Release|Any CPU
		{31ABD4B4-59CE-4923-9236-F24966D8AED0}.Release|Any CPU.Build.0 = Release|Any CPU
	EndGlobalSection
	GlobalSection(SolutionProperties) = preSolution
		HideSolutionNode = FALSE
	EndGlobalSection
	GlobalSection(ExtensibilityGlobals) = postSolution
		SolutionGuid = {E771C220-87A3-4BD8-B648-50DD3CF62ED0}
	EndGlobalSection
EndGlobal
