
Microsoft Visual Studio Solution File, Format Version 12.00
# Visual Studio Version 16
VisualStudioVersion = 16.0.31624.102
MinimumVisualStudioVersion = 10.0.40219.1
Project("{9A19103F-16F7-4668-BE54-9A1E7A4F7556}") = "ConsoleApp1", "ConsoleApp1\ConsoleApp1.csproj", "{5CC22D37-4D1B-42FD-B134-A40B7A6F3263}"
EndProject
Project("{FAE04EC0-301F-11D3-BF4B-00C04F79EFBC}") = "TestFraction", "TestFraction\TestFraction.csproj", "{F6A0536E-E7E7-41AF-B805-D721DD505FF5}"
EndProject
Global
	GlobalSection(SolutionConfigurationPlatforms) = preSolution
		Debug|Any CPU = Debug|Any CPU
		Release|Any CPU = Release|Any CPU
	EndGlobalSection
	GlobalSection(ProjectConfigurationPlatforms) = postSolution
		{5CC22D37-4D1B-42FD-B134-A40B7A6F3263}.Debug|Any CPU.ActiveCfg = Debug|Any CPU
		{5CC22D37-4D1B-42FD-B134-A40B7A6F3263}.Debug|Any CPU.Build.0 = Debug|Any CPU
		{5CC22D37-4D1B-42FD-B134-A40B7A6F3263}.Release|Any CPU.ActiveCfg = Release|Any CPU
		{5CC22D37-4D1B-42FD-B134-A40B7A6F3263}.Release|Any CPU.Build.0 = Release|Any CPU
		{F6A0536E-E7E7-41AF-B805-D721DD505FF5}.Debug|Any CPU.ActiveCfg = Debug|Any CPU
		{F6A0536E-E7E7-41AF-B805-D721DD505FF5}.Debug|Any CPU.Build.0 = Debug|Any CPU
		{F6A0536E-E7E7-41AF-B805-D721DD505FF5}.Release|Any CPU.ActiveCfg = Release|Any CPU
		{F6A0536E-E7E7-41AF-B805-D721DD505FF5}.Release|Any CPU.Build.0 = Release|Any CPU
	EndGlobalSection
	GlobalSection(SolutionProperties) = preSolution
		HideSolutionNode = FALSE
	EndGlobalSection
	GlobalSection(ExtensibilityGlobals) = postSolution
		SolutionGuid = {082FBF44-145A-42BA-BE96-6AEFAAC6F263}
	EndGlobalSection
EndGlobal
