
Microsoft Visual Studio Solution File, Format Version 12.00
# Visual Studio Version 16
VisualStudioVersion = 16.0.31911.196
MinimumVisualStudioVersion = 10.0.40219.1
Project("{FAE04EC0-301F-11D3-BF4B-00C04F79EFBC}") = "lab_06", "lab_06\lab_06.csproj", "{6BFE3756-5F8D-4B87-ADCD-C142CD18BCB2}"
EndProject
Global
	GlobalSection(SolutionConfigurationPlatforms) = preSolution
		Debug|Any CPU = Debug|Any CPU
		Release|Any CPU = Release|Any CPU
	EndGlobalSection
	GlobalSection(ProjectConfigurationPlatforms) = postSolution
		{6BFE3756-5F8D-4B87-ADCD-C142CD18BCB2}.Debug|Any CPU.ActiveCfg = Debug|Any CPU
		{6BFE3756-5F8D-4B87-ADCD-C142CD18BCB2}.Debug|Any CPU.Build.0 = Debug|Any CPU
		{6BFE3756-5F8D-4B87-ADCD-C142CD18BCB2}.Release|Any CPU.ActiveCfg = Release|Any CPU
		{6BFE3756-5F8D-4B87-ADCD-C142CD18BCB2}.Release|Any CPU.Build.0 = Release|Any CPU
	EndGlobalSection
	GlobalSection(SolutionProperties) = preSolution
		HideSolutionNode = FALSE
	EndGlobalSection
	GlobalSection(ExtensibilityGlobals) = postSolution
		SolutionGuid = {8F57202D-C4D0-429B-89E9-A78F9EBE9A6B}
	EndGlobalSection
EndGlobal
